// !$*UTF8*$!
{
	archiveVersion = 1;
	classes = {
	};
	objectVersion = 56;
	objects = {

/* Begin PBXBuildFile section */
		210F579D2CF2BEF6008FCC2A /* CodableFeedStore.swift in Sources */ = {isa = PBXBuildFile; fileRef = 210F579C2CF2BEF6008FCC2A /* CodableFeedStore.swift */; };
		210F579F2CF2CA6C008FCC2A /* FeedStoreSpecs.swift in Sources */ = {isa = PBXBuildFile; fileRef = 210F579E2CF2CA6C008FCC2A /* FeedStoreSpecs.swift */; };
		210F57A12CF2CAE2008FCC2A /* XCTestCase+FeedStoreSpecs.swift in Sources */ = {isa = PBXBuildFile; fileRef = 210F57A02CF2CAE2008FCC2A /* XCTestCase+FeedStoreSpecs.swift */; };
		2135616A2CE9BAB1006641E3 /* FeedStoreSpy.swift in Sources */ = {isa = PBXBuildFile; fileRef = 213561692CE9BAB1006641E3 /* FeedStoreSpy.swift */; };
		2135616C2CEADD51006641E3 /* ValidateFeedCacheUseCaseTests.swift in Sources */ = {isa = PBXBuildFile; fileRef = 2135616B2CEADD51006641E3 /* ValidateFeedCacheUseCaseTests.swift */; };
		213561702CEC33CC006641E3 /* SharedTestHelpers.swift in Sources */ = {isa = PBXBuildFile; fileRef = 2135616F2CEC33CC006641E3 /* SharedTestHelpers.swift */; };
		213561742CEC3460006641E3 /* FeedCacheTestHelpers.swift in Sources */ = {isa = PBXBuildFile; fileRef = 213561732CEC3460006641E3 /* FeedCacheTestHelpers.swift */; };
		213561762CEC3A3D006641E3 /* FeedCachePolicy.swift in Sources */ = {isa = PBXBuildFile; fileRef = 213561752CEC3A3D006641E3 /* FeedCachePolicy.swift */; };
		213561782CEEBE4C006641E3 /* CodableFeedStoreTests.swift in Sources */ = {isa = PBXBuildFile; fileRef = 213561772CEEBE4C006641E3 /* CodableFeedStoreTests.swift */; };
		2136437E2CE5B5BD00FCF14E /* URLSessionHTTPClient.swift in Sources */ = {isa = PBXBuildFile; fileRef = 2136437D2CE5B5BD00FCF14E /* URLSessionHTTPClient.swift */; };
		213643862CE6A47E00FCF14E /* PracticeFeedAPIEndToEndTests.swift in Sources */ = {isa = PBXBuildFile; fileRef = 213643852CE6A47E00FCF14E /* PracticeFeedAPIEndToEndTests.swift */; };
		213643872CE6A47E00FCF14E /* PracticeFeed.framework in Frameworks */ = {isa = PBXBuildFile; fileRef = 219D1DD52CDAFD22008AAEA4 /* PracticeFeed.framework */; };
		2136438D2CE6ACEA00FCF14E /* XCTestCase+MemoryLeakTracking.swift in Sources */ = {isa = PBXBuildFile; fileRef = 21D29F6A2CE5A25C00ECFDEC /* XCTestCase+MemoryLeakTracking.swift */; };
		213643922CE6D82D00FCF14E /* CacheFeedUseCase.swift in Sources */ = {isa = PBXBuildFile; fileRef = 213643912CE6D82D00FCF14E /* CacheFeedUseCase.swift */; };
		213643952CE8335B00FCF14E /* LocalFeedLoader.swift in Sources */ = {isa = PBXBuildFile; fileRef = 213643942CE8335B00FCF14E /* LocalFeedLoader.swift */; };
		213643972CE8340300FCF14E /* FeedStore.swift in Sources */ = {isa = PBXBuildFile; fileRef = 213643962CE8340300FCF14E /* FeedStore.swift */; };
		218C47B62CDD26D700D4A204 /* RemoteFeedLoaderTests.swift in Sources */ = {isa = PBXBuildFile; fileRef = 218C47B52CDD26D700D4A204 /* RemoteFeedLoaderTests.swift */; };
		218C47B92CDD3F3300D4A204 /* RemoteFeedLoader.swift in Sources */ = {isa = PBXBuildFile; fileRef = 218C47B82CDD3F3300D4A204 /* RemoteFeedLoader.swift */; };
		218C47BC2CDFCBEF00D4A204 /* HTTPClient.swift in Sources */ = {isa = PBXBuildFile; fileRef = 218C47BB2CDFCBEF00D4A204 /* HTTPClient.swift */; };
		218C47BE2CDFCC9200D4A204 /* FeedItemsMapper.swift in Sources */ = {isa = PBXBuildFile; fileRef = 218C47BD2CDFCC9200D4A204 /* FeedItemsMapper.swift */; };
		218C47C12CE41F3800D4A204 /* URLSessionHTTPClientSpy.swift in Sources */ = {isa = PBXBuildFile; fileRef = 218C47C02CE41F3800D4A204 /* URLSessionHTTPClientSpy.swift */; };
		219D1DDA2CDAFD22008AAEA4 /* PracticeFeed.docc in Sources */ = {isa = PBXBuildFile; fileRef = 219D1DD92CDAFD22008AAEA4 /* PracticeFeed.docc */; };
		219D1DE02CDAFD23008AAEA4 /* PracticeFeed.framework in Frameworks */ = {isa = PBXBuildFile; fileRef = 219D1DD52CDAFD22008AAEA4 /* PracticeFeed.framework */; };
		219D1DE52CDAFD23008AAEA4 /* PracticeFeedTests.swift in Sources */ = {isa = PBXBuildFile; fileRef = 219D1DE42CDAFD23008AAEA4 /* PracticeFeedTests.swift */; };
		219D1DE62CDAFD23008AAEA4 /* PracticeFeed.h in Headers */ = {isa = PBXBuildFile; fileRef = 219D1DD82CDAFD22008AAEA4 /* PracticeFeed.h */; settings = {ATTRIBUTES = (Public, ); }; };
		219D1DF02CDAFE6B008AAEA4 /* FeedImage.swift in Sources */ = {isa = PBXBuildFile; fileRef = 219D1DEF2CDAFE6B008AAEA4 /* FeedImage.swift */; };
		219D1DF22CDAFEF5008AAEA4 /* FeedLoader.swift in Sources */ = {isa = PBXBuildFile; fileRef = 219D1DF12CDAFEF5008AAEA4 /* FeedLoader.swift */; };
		21D29F6B2CE5A25C00ECFDEC /* XCTestCase+MemoryLeakTracking.swift in Sources */ = {isa = PBXBuildFile; fileRef = 21D29F6A2CE5A25C00ECFDEC /* XCTestCase+MemoryLeakTracking.swift */; };
		21E085AC2CFEB53A009FD215 /* XCTestCase+FailableRetrieveFeedStoreSpecs.swift in Sources */ = {isa = PBXBuildFile; fileRef = 21E085AB2CFEB53A009FD215 /* XCTestCase+FailableRetrieveFeedStoreSpecs.swift */; };
		21E085AE2CFEB5CC009FD215 /* XCTestCase+FailableInsertFeedStoreSpecs.swift in Sources */ = {isa = PBXBuildFile; fileRef = 21E085AD2CFEB5CC009FD215 /* XCTestCase+FailableInsertFeedStoreSpecs.swift */; };
		21E085B02CFEB666009FD215 /* XCTestCase+FailableDeleteFeedStoreSpecs.swift in Sources */ = {isa = PBXBuildFile; fileRef = 21E085AF2CFEB666009FD215 /* XCTestCase+FailableDeleteFeedStoreSpecs.swift */; };
		21FC15D12CE95B3000166B2E /* LocalFeedImage.swift in Sources */ = {isa = PBXBuildFile; fileRef = 21FC15D02CE95B3000166B2E /* LocalFeedImage.swift */; };
		21FC15D32CE95B5200166B2E /* RemoteFeedItem.swift in Sources */ = {isa = PBXBuildFile; fileRef = 21FC15D22CE95B5200166B2E /* RemoteFeedItem.swift */; };
		21FC15D52CE9B94100166B2E /* LoadFeedFromCacheUseCaseTests.swift in Sources */ = {isa = PBXBuildFile; fileRef = 21FC15D42CE9B94100166B2E /* LoadFeedFromCacheUseCaseTests.swift */; };
/* End PBXBuildFile section */

/* Begin PBXContainerItemProxy section */
		213643882CE6A47E00FCF14E /* PBXContainerItemProxy */ = {
			isa = PBXContainerItemProxy;
			containerPortal = 219D1DCC2CDAFD22008AAEA4 /* Project object */;
			proxyType = 1;
			remoteGlobalIDString = 219D1DD42CDAFD22008AAEA4;
			remoteInfo = PracticeFeed;
		};
		219D1DE12CDAFD23008AAEA4 /* PBXContainerItemProxy */ = {
			isa = PBXContainerItemProxy;
			containerPortal = 219D1DCC2CDAFD22008AAEA4 /* Project object */;
			proxyType = 1;
			remoteGlobalIDString = 219D1DD42CDAFD22008AAEA4;
			remoteInfo = PracticeFeed;
		};
/* End PBXContainerItemProxy section */

/* Begin PBXFileReference section */
		210F579C2CF2BEF6008FCC2A /* CodableFeedStore.swift */ = {isa = PBXFileReference; lastKnownFileType = sourcecode.swift; path = CodableFeedStore.swift; sourceTree = "<group>"; };
		210F579E2CF2CA6C008FCC2A /* FeedStoreSpecs.swift */ = {isa = PBXFileReference; lastKnownFileType = sourcecode.swift; path = FeedStoreSpecs.swift; sourceTree = "<group>"; };
		210F57A02CF2CAE2008FCC2A /* XCTestCase+FeedStoreSpecs.swift */ = {isa = PBXFileReference; lastKnownFileType = sourcecode.swift; path = "XCTestCase+FeedStoreSpecs.swift"; sourceTree = "<group>"; };
		213561692CE9BAB1006641E3 /* FeedStoreSpy.swift */ = {isa = PBXFileReference; lastKnownFileType = sourcecode.swift; path = FeedStoreSpy.swift; sourceTree = "<group>"; };
		2135616B2CEADD51006641E3 /* ValidateFeedCacheUseCaseTests.swift */ = {isa = PBXFileReference; lastKnownFileType = sourcecode.swift; path = ValidateFeedCacheUseCaseTests.swift; sourceTree = "<group>"; };
		2135616F2CEC33CC006641E3 /* SharedTestHelpers.swift */ = {isa = PBXFileReference; lastKnownFileType = sourcecode.swift; path = SharedTestHelpers.swift; sourceTree = "<group>"; };
		213561732CEC3460006641E3 /* FeedCacheTestHelpers.swift */ = {isa = PBXFileReference; lastKnownFileType = sourcecode.swift; path = FeedCacheTestHelpers.swift; sourceTree = "<group>"; };
		213561752CEC3A3D006641E3 /* FeedCachePolicy.swift */ = {isa = PBXFileReference; lastKnownFileType = sourcecode.swift; path = FeedCachePolicy.swift; sourceTree = "<group>"; };
		213561772CEEBE4C006641E3 /* CodableFeedStoreTests.swift */ = {isa = PBXFileReference; lastKnownFileType = sourcecode.swift; path = CodableFeedStoreTests.swift; sourceTree = "<group>"; };
		2136437D2CE5B5BD00FCF14E /* URLSessionHTTPClient.swift */ = {isa = PBXFileReference; lastKnownFileType = sourcecode.swift; path = URLSessionHTTPClient.swift; sourceTree = "<group>"; };
		213643832CE6A47E00FCF14E /* PracticeFeedAPIEndToEndTests.xctest */ = {isa = PBXFileReference; explicitFileType = wrapper.cfbundle; includeInIndex = 0; path = PracticeFeedAPIEndToEndTests.xctest; sourceTree = BUILT_PRODUCTS_DIR; };
		213643852CE6A47E00FCF14E /* PracticeFeedAPIEndToEndTests.swift */ = {isa = PBXFileReference; lastKnownFileType = sourcecode.swift; path = PracticeFeedAPIEndToEndTests.swift; sourceTree = "<group>"; };
		2136438E2CE6ADD300FCF14E /* CI.xctestplan */ = {isa = PBXFileReference; lastKnownFileType = text; path = CI.xctestplan; sourceTree = "<group>"; };
		2136438F2CE6CE3100FCF14E /* PracticeFeed.xctestplan */ = {isa = PBXFileReference; lastKnownFileType = text; path = PracticeFeed.xctestplan; sourceTree = "<group>"; };
		213643912CE6D82D00FCF14E /* CacheFeedUseCase.swift */ = {isa = PBXFileReference; lastKnownFileType = sourcecode.swift; path = CacheFeedUseCase.swift; sourceTree = "<group>"; };
		213643942CE8335B00FCF14E /* LocalFeedLoader.swift */ = {isa = PBXFileReference; lastKnownFileType = sourcecode.swift; path = LocalFeedLoader.swift; sourceTree = "<group>"; };
		213643962CE8340300FCF14E /* FeedStore.swift */ = {isa = PBXFileReference; lastKnownFileType = sourcecode.swift; path = FeedStore.swift; sourceTree = "<group>"; };
		218C47B52CDD26D700D4A204 /* RemoteFeedLoaderTests.swift */ = {isa = PBXFileReference; lastKnownFileType = sourcecode.swift; path = RemoteFeedLoaderTests.swift; sourceTree = "<group>"; };
		218C47B82CDD3F3300D4A204 /* RemoteFeedLoader.swift */ = {isa = PBXFileReference; lastKnownFileType = sourcecode.swift; path = RemoteFeedLoader.swift; sourceTree = "<group>"; };
		218C47BB2CDFCBEF00D4A204 /* HTTPClient.swift */ = {isa = PBXFileReference; lastKnownFileType = sourcecode.swift; path = HTTPClient.swift; sourceTree = "<group>"; };
		218C47BD2CDFCC9200D4A204 /* FeedItemsMapper.swift */ = {isa = PBXFileReference; lastKnownFileType = sourcecode.swift; path = FeedItemsMapper.swift; sourceTree = "<group>"; };
		218C47C02CE41F3800D4A204 /* URLSessionHTTPClientSpy.swift */ = {isa = PBXFileReference; lastKnownFileType = sourcecode.swift; path = URLSessionHTTPClientSpy.swift; sourceTree = "<group>"; };
		219D1DD52CDAFD22008AAEA4 /* PracticeFeed.framework */ = {isa = PBXFileReference; explicitFileType = wrapper.framework; includeInIndex = 0; path = PracticeFeed.framework; sourceTree = BUILT_PRODUCTS_DIR; };
		219D1DD82CDAFD22008AAEA4 /* PracticeFeed.h */ = {isa = PBXFileReference; lastKnownFileType = sourcecode.c.h; path = PracticeFeed.h; sourceTree = "<group>"; };
		219D1DD92CDAFD22008AAEA4 /* PracticeFeed.docc */ = {isa = PBXFileReference; lastKnownFileType = folder.documentationcatalog; path = PracticeFeed.docc; sourceTree = "<group>"; };
		219D1DDF2CDAFD23008AAEA4 /* PracticeFeedTests.xctest */ = {isa = PBXFileReference; explicitFileType = wrapper.cfbundle; includeInIndex = 0; path = PracticeFeedTests.xctest; sourceTree = BUILT_PRODUCTS_DIR; };
		219D1DE42CDAFD23008AAEA4 /* PracticeFeedTests.swift */ = {isa = PBXFileReference; lastKnownFileType = sourcecode.swift; path = PracticeFeedTests.swift; sourceTree = "<group>"; };
		219D1DEF2CDAFE6B008AAEA4 /* FeedImage.swift */ = {isa = PBXFileReference; lastKnownFileType = sourcecode.swift; path = FeedImage.swift; sourceTree = "<group>"; };
		219D1DF12CDAFEF5008AAEA4 /* FeedLoader.swift */ = {isa = PBXFileReference; lastKnownFileType = sourcecode.swift; path = FeedLoader.swift; sourceTree = "<group>"; };
		21D29F6A2CE5A25C00ECFDEC /* XCTestCase+MemoryLeakTracking.swift */ = {isa = PBXFileReference; lastKnownFileType = sourcecode.swift; path = "XCTestCase+MemoryLeakTracking.swift"; sourceTree = "<group>"; };
		21E085AB2CFEB53A009FD215 /* XCTestCase+FailableRetrieveFeedStoreSpecs.swift */ = {isa = PBXFileReference; lastKnownFileType = sourcecode.swift; path = "XCTestCase+FailableRetrieveFeedStoreSpecs.swift"; sourceTree = "<group>"; };
		21E085AD2CFEB5CC009FD215 /* XCTestCase+FailableInsertFeedStoreSpecs.swift */ = {isa = PBXFileReference; lastKnownFileType = sourcecode.swift; path = "XCTestCase+FailableInsertFeedStoreSpecs.swift"; sourceTree = "<group>"; };
		21E085AF2CFEB666009FD215 /* XCTestCase+FailableDeleteFeedStoreSpecs.swift */ = {isa = PBXFileReference; lastKnownFileType = sourcecode.swift; path = "XCTestCase+FailableDeleteFeedStoreSpecs.swift"; sourceTree = "<group>"; };
		21FC15D02CE95B3000166B2E /* LocalFeedImage.swift */ = {isa = PBXFileReference; lastKnownFileType = sourcecode.swift; path = LocalFeedImage.swift; sourceTree = "<group>"; };
		21FC15D22CE95B5200166B2E /* RemoteFeedItem.swift */ = {isa = PBXFileReference; lastKnownFileType = sourcecode.swift; path = RemoteFeedItem.swift; sourceTree = "<group>"; };
		21FC15D42CE9B94100166B2E /* LoadFeedFromCacheUseCaseTests.swift */ = {isa = PBXFileReference; lastKnownFileType = sourcecode.swift; path = LoadFeedFromCacheUseCaseTests.swift; sourceTree = "<group>"; };
/* End PBXFileReference section */

/* Begin PBXFrameworksBuildPhase section */
		213643802CE6A47E00FCF14E /* Frameworks */ = {
			isa = PBXFrameworksBuildPhase;
			buildActionMask = 2147483647;
			files = (
				213643872CE6A47E00FCF14E /* PracticeFeed.framework in Frameworks */,
			);
			runOnlyForDeploymentPostprocessing = 0;
		};
		219D1DD22CDAFD22008AAEA4 /* Frameworks */ = {
			isa = PBXFrameworksBuildPhase;
			buildActionMask = 2147483647;
			files = (
			);
			runOnlyForDeploymentPostprocessing = 0;
		};
		219D1DDC2CDAFD23008AAEA4 /* Frameworks */ = {
			isa = PBXFrameworksBuildPhase;
			buildActionMask = 2147483647;
			files = (
				219D1DE02CDAFD23008AAEA4 /* PracticeFeed.framework in Frameworks */,
			);
			runOnlyForDeploymentPostprocessing = 0;
		};
/* End PBXFrameworksBuildPhase section */

/* Begin PBXGroup section */
		213561682CE9BAA1006641E3 /* Helpers */ = {
			isa = PBXGroup;
			children = (
				213561692CE9BAB1006641E3 /* FeedStoreSpy.swift */,
				213561732CEC3460006641E3 /* FeedCacheTestHelpers.swift */,
			);
			path = Helpers;
			sourceTree = "<group>";
		};
		213643842CE6A47E00FCF14E /* PracticeFeedAPIEndToEndTests */ = {
			isa = PBXGroup;
			children = (
				213643852CE6A47E00FCF14E /* PracticeFeedAPIEndToEndTests.swift */,
			);
			path = PracticeFeedAPIEndToEndTests;
			sourceTree = "<group>";
		};
		213643902CE6D81700FCF14E /* Feed Cache */ = {
			isa = PBXGroup;
			children = (
				213561682CE9BAA1006641E3 /* Helpers */,
				213643912CE6D82D00FCF14E /* CacheFeedUseCase.swift */,
				21FC15D42CE9B94100166B2E /* LoadFeedFromCacheUseCaseTests.swift */,
				2135616B2CEADD51006641E3 /* ValidateFeedCacheUseCaseTests.swift */,
				213561772CEEBE4C006641E3 /* CodableFeedStoreTests.swift */,
				210F579E2CF2CA6C008FCC2A /* FeedStoreSpecs.swift */,
				210F57A02CF2CAE2008FCC2A /* XCTestCase+FeedStoreSpecs.swift */,
				21E085AB2CFEB53A009FD215 /* XCTestCase+FailableRetrieveFeedStoreSpecs.swift */,
				21E085AD2CFEB5CC009FD215 /* XCTestCase+FailableInsertFeedStoreSpecs.swift */,
				21E085AF2CFEB666009FD215 /* XCTestCase+FailableDeleteFeedStoreSpecs.swift */,
			);
			path = "Feed Cache";
			sourceTree = "<group>";
		};
		213643932CE8334800FCF14E /* Feed Cache */ = {
			isa = PBXGroup;
			children = (
				213643942CE8335B00FCF14E /* LocalFeedLoader.swift */,
				213643962CE8340300FCF14E /* FeedStore.swift */,
				21FC15D02CE95B3000166B2E /* LocalFeedImage.swift */,
				213561752CEC3A3D006641E3 /* FeedCachePolicy.swift */,
				210F579C2CF2BEF6008FCC2A /* CodableFeedStore.swift */,
			);
			path = "Feed Cache";
			sourceTree = "<group>";
		};
		218C47B72CDD3F1B00D4A204 /* Feed API */ = {
			isa = PBXGroup;
			children = (
				218C47B82CDD3F3300D4A204 /* RemoteFeedLoader.swift */,
				218C47BD2CDFCC9200D4A204 /* FeedItemsMapper.swift */,
				218C47BB2CDFCBEF00D4A204 /* HTTPClient.swift */,
				2136437D2CE5B5BD00FCF14E /* URLSessionHTTPClient.swift */,
				21FC15D22CE95B5200166B2E /* RemoteFeedItem.swift */,
			);
			path = "Feed API";
			sourceTree = "<group>";
		};
		218C47BF2CDFE8DB00D4A204 /* Feed API */ = {
			isa = PBXGroup;
			children = (
				218C47B52CDD26D700D4A204 /* RemoteFeedLoaderTests.swift */,
				218C47C02CE41F3800D4A204 /* URLSessionHTTPClientSpy.swift */,
			);
			path = "Feed API";
			sourceTree = "<group>";
		};
		219D1DCB2CDAFD22008AAEA4 = {
			isa = PBXGroup;
			children = (
				2136438F2CE6CE3100FCF14E /* PracticeFeed.xctestplan */,
				2136438E2CE6ADD300FCF14E /* CI.xctestplan */,
				219D1DD72CDAFD22008AAEA4 /* PracticeFeed */,
				219D1DE32CDAFD23008AAEA4 /* PracticeFeedTests */,
				213643842CE6A47E00FCF14E /* PracticeFeedAPIEndToEndTests */,
				219D1DD62CDAFD22008AAEA4 /* Products */,
			);
			sourceTree = "<group>";
		};
		219D1DD62CDAFD22008AAEA4 /* Products */ = {
			isa = PBXGroup;
			children = (
				219D1DD52CDAFD22008AAEA4 /* PracticeFeed.framework */,
				219D1DDF2CDAFD23008AAEA4 /* PracticeFeedTests.xctest */,
				213643832CE6A47E00FCF14E /* PracticeFeedAPIEndToEndTests.xctest */,
			);
			name = Products;
			sourceTree = "<group>";
		};
		219D1DD72CDAFD22008AAEA4 /* PracticeFeed */ = {
			isa = PBXGroup;
			children = (
				213643932CE8334800FCF14E /* Feed Cache */,
				218C47B72CDD3F1B00D4A204 /* Feed API */,
				219D1DD82CDAFD22008AAEA4 /* PracticeFeed.h */,
				219D1DD92CDAFD22008AAEA4 /* PracticeFeed.docc */,
				219D1DF32CDAFFB5008AAEA4 /* Feed Feature */,
			);
			path = PracticeFeed;
			sourceTree = "<group>";
		};
		219D1DE32CDAFD23008AAEA4 /* PracticeFeedTests */ = {
			isa = PBXGroup;
			children = (
				21D29F692CE5A23B00ECFDEC /* Helpers */,
				213643902CE6D81700FCF14E /* Feed Cache */,
				218C47BF2CDFE8DB00D4A204 /* Feed API */,
				219D1DE42CDAFD23008AAEA4 /* PracticeFeedTests.swift */,
			);
			path = PracticeFeedTests;
			sourceTree = "<group>";
		};
		219D1DF32CDAFFB5008AAEA4 /* Feed Feature */ = {
			isa = PBXGroup;
			children = (
				219D1DEF2CDAFE6B008AAEA4 /* FeedImage.swift */,
				219D1DF12CDAFEF5008AAEA4 /* FeedLoader.swift */,
			);
			path = "Feed Feature";
			sourceTree = "<group>";
		};
		21D29F692CE5A23B00ECFDEC /* Helpers */ = {
			isa = PBXGroup;
			children = (
				21D29F6A2CE5A25C00ECFDEC /* XCTestCase+MemoryLeakTracking.swift */,
				2135616F2CEC33CC006641E3 /* SharedTestHelpers.swift */,
			);
			path = Helpers;
			sourceTree = "<group>";
		};
/* End PBXGroup section */

/* Begin PBXHeadersBuildPhase section */
		219D1DD02CDAFD22008AAEA4 /* Headers */ = {
			isa = PBXHeadersBuildPhase;
			buildActionMask = 2147483647;
			files = (
				219D1DE62CDAFD23008AAEA4 /* PracticeFeed.h in Headers */,
			);
			runOnlyForDeploymentPostprocessing = 0;
		};
/* End PBXHeadersBuildPhase section */

/* Begin PBXNativeTarget section */
		213643822CE6A47E00FCF14E /* PracticeFeedAPIEndToEndTests */ = {
			isa = PBXNativeTarget;
			buildConfigurationList = 2136438A2CE6A47E00FCF14E /* Build configuration list for PBXNativeTarget "PracticeFeedAPIEndToEndTests" */;
			buildPhases = (
				2136437F2CE6A47E00FCF14E /* Sources */,
				213643802CE6A47E00FCF14E /* Frameworks */,
				213643812CE6A47E00FCF14E /* Resources */,
			);
			buildRules = (
			);
			dependencies = (
				213643892CE6A47E00FCF14E /* PBXTargetDependency */,
			);
			name = PracticeFeedAPIEndToEndTests;
			productName = PracticeFeedAPIEndToEndTests;
			productReference = 213643832CE6A47E00FCF14E /* PracticeFeedAPIEndToEndTests.xctest */;
			productType = "com.apple.product-type.bundle.unit-test";
		};
		219D1DD42CDAFD22008AAEA4 /* PracticeFeed */ = {
			isa = PBXNativeTarget;
			buildConfigurationList = 219D1DE92CDAFD23008AAEA4 /* Build configuration list for PBXNativeTarget "PracticeFeed" */;
			buildPhases = (
				219D1DD02CDAFD22008AAEA4 /* Headers */,
				219D1DD12CDAFD22008AAEA4 /* Sources */,
				219D1DD22CDAFD22008AAEA4 /* Frameworks */,
				219D1DD32CDAFD22008AAEA4 /* Resources */,
			);
			buildRules = (
			);
			dependencies = (
			);
			name = PracticeFeed;
			productName = PracticeFeed;
			productReference = 219D1DD52CDAFD22008AAEA4 /* PracticeFeed.framework */;
			productType = "com.apple.product-type.framework";
		};
		219D1DDE2CDAFD23008AAEA4 /* PracticeFeedTests */ = {
			isa = PBXNativeTarget;
			buildConfigurationList = 219D1DEC2CDAFD23008AAEA4 /* Build configuration list for PBXNativeTarget "PracticeFeedTests" */;
			buildPhases = (
				219D1DDB2CDAFD23008AAEA4 /* Sources */,
				219D1DDC2CDAFD23008AAEA4 /* Frameworks */,
				219D1DDD2CDAFD23008AAEA4 /* Resources */,
			);
			buildRules = (
			);
			dependencies = (
				219D1DE22CDAFD23008AAEA4 /* PBXTargetDependency */,
			);
			name = PracticeFeedTests;
			productName = PracticeFeedTests;
			productReference = 219D1DDF2CDAFD23008AAEA4 /* PracticeFeedTests.xctest */;
			productType = "com.apple.product-type.bundle.unit-test";
		};
/* End PBXNativeTarget section */

/* Begin PBXProject section */
		219D1DCC2CDAFD22008AAEA4 /* Project object */ = {
			isa = PBXProject;
			attributes = {
				BuildIndependentTargetsInParallel = 1;
				LastSwiftUpdateCheck = 1510;
				LastUpgradeCheck = 1510;
				TargetAttributes = {
					213643822CE6A47E00FCF14E = {
						CreatedOnToolsVersion = 15.1;
					};
					219D1DD42CDAFD22008AAEA4 = {
						CreatedOnToolsVersion = 15.1;
					};
					219D1DDE2CDAFD23008AAEA4 = {
						CreatedOnToolsVersion = 15.1;
					};
				};
			};
			buildConfigurationList = 219D1DCF2CDAFD22008AAEA4 /* Build configuration list for PBXProject "PracticeFeed" */;
			compatibilityVersion = "Xcode 14.0";
			developmentRegion = en;
			hasScannedForEncodings = 0;
			knownRegions = (
				en,
				Base,
			);
			mainGroup = 219D1DCB2CDAFD22008AAEA4;
			productRefGroup = 219D1DD62CDAFD22008AAEA4 /* Products */;
			projectDirPath = "";
			projectRoot = "";
			targets = (
				219D1DD42CDAFD22008AAEA4 /* PracticeFeed */,
				219D1DDE2CDAFD23008AAEA4 /* PracticeFeedTests */,
				213643822CE6A47E00FCF14E /* PracticeFeedAPIEndToEndTests */,
			);
		};
/* End PBXProject section */

/* Begin PBXResourcesBuildPhase section */
		213643812CE6A47E00FCF14E /* Resources */ = {
			isa = PBXResourcesBuildPhase;
			buildActionMask = 2147483647;
			files = (
			);
			runOnlyForDeploymentPostprocessing = 0;
		};
		219D1DD32CDAFD22008AAEA4 /* Resources */ = {
			isa = PBXResourcesBuildPhase;
			buildActionMask = 2147483647;
			files = (
			);
			runOnlyForDeploymentPostprocessing = 0;
		};
		219D1DDD2CDAFD23008AAEA4 /* Resources */ = {
			isa = PBXResourcesBuildPhase;
			buildActionMask = 2147483647;
			files = (
			);
			runOnlyForDeploymentPostprocessing = 0;
		};
/* End PBXResourcesBuildPhase section */

/* Begin PBXSourcesBuildPhase section */
		2136437F2CE6A47E00FCF14E /* Sources */ = {
			isa = PBXSourcesBuildPhase;
			buildActionMask = 2147483647;
			files = (
				213643862CE6A47E00FCF14E /* PracticeFeedAPIEndToEndTests.swift in Sources */,
				2136438D2CE6ACEA00FCF14E /* XCTestCase+MemoryLeakTracking.swift in Sources */,
			);
			runOnlyForDeploymentPostprocessing = 0;
		};
		219D1DD12CDAFD22008AAEA4 /* Sources */ = {
			isa = PBXSourcesBuildPhase;
			buildActionMask = 2147483647;
			files = (
				213643972CE8340300FCF14E /* FeedStore.swift in Sources */,
				2136437E2CE5B5BD00FCF14E /* URLSessionHTTPClient.swift in Sources */,
				210F579D2CF2BEF6008FCC2A /* CodableFeedStore.swift in Sources */,
				218C47B92CDD3F3300D4A204 /* RemoteFeedLoader.swift in Sources */,
				218C47BC2CDFCBEF00D4A204 /* HTTPClient.swift in Sources */,
				21FC15D12CE95B3000166B2E /* LocalFeedImage.swift in Sources */,
				219D1DF22CDAFEF5008AAEA4 /* FeedLoader.swift in Sources */,
				218C47BE2CDFCC9200D4A204 /* FeedItemsMapper.swift in Sources */,
				219D1DF02CDAFE6B008AAEA4 /* FeedImage.swift in Sources */,
				213561762CEC3A3D006641E3 /* FeedCachePolicy.swift in Sources */,
				213643952CE8335B00FCF14E /* LocalFeedLoader.swift in Sources */,
				21FC15D32CE95B5200166B2E /* RemoteFeedItem.swift in Sources */,
				219D1DDA2CDAFD22008AAEA4 /* PracticeFeed.docc in Sources */,
			);
			runOnlyForDeploymentPostprocessing = 0;
		};
		219D1DDB2CDAFD23008AAEA4 /* Sources */ = {
			isa = PBXSourcesBuildPhase;
			buildActionMask = 2147483647;
			files = (
				210F57A12CF2CAE2008FCC2A /* XCTestCase+FeedStoreSpecs.swift in Sources */,
				213561782CEEBE4C006641E3 /* CodableFeedStoreTests.swift in Sources */,
				218C47B62CDD26D700D4A204 /* RemoteFeedLoaderTests.swift in Sources */,
				21E085AC2CFEB53A009FD215 /* XCTestCase+FailableRetrieveFeedStoreSpecs.swift in Sources */,
				21D29F6B2CE5A25C00ECFDEC /* XCTestCase+MemoryLeakTracking.swift in Sources */,
				213561702CEC33CC006641E3 /* SharedTestHelpers.swift in Sources */,
				219D1DE52CDAFD23008AAEA4 /* PracticeFeedTests.swift in Sources */,
				213643922CE6D82D00FCF14E /* CacheFeedUseCase.swift in Sources */,
				2135616C2CEADD51006641E3 /* ValidateFeedCacheUseCaseTests.swift in Sources */,
				2135616A2CE9BAB1006641E3 /* FeedStoreSpy.swift in Sources */,
				21FC15D52CE9B94100166B2E /* LoadFeedFromCacheUseCaseTests.swift in Sources */,
				213561742CEC3460006641E3 /* FeedCacheTestHelpers.swift in Sources */,
				21E085B02CFEB666009FD215 /* XCTestCase+FailableDeleteFeedStoreSpecs.swift in Sources */,
				210F579F2CF2CA6C008FCC2A /* FeedStoreSpecs.swift in Sources */,
				218C47C12CE41F3800D4A204 /* URLSessionHTTPClientSpy.swift in Sources */,
				21E085AE2CFEB5CC009FD215 /* XCTestCase+FailableInsertFeedStoreSpecs.swift in Sources */,
			);
			runOnlyForDeploymentPostprocessing = 0;
		};
/* End PBXSourcesBuildPhase section */

/* Begin PBXTargetDependency section */
		213643892CE6A47E00FCF14E /* PBXTargetDependency */ = {
			isa = PBXTargetDependency;
			target = 219D1DD42CDAFD22008AAEA4 /* PracticeFeed */;
			targetProxy = 213643882CE6A47E00FCF14E /* PBXContainerItemProxy */;
		};
		219D1DE22CDAFD23008AAEA4 /* PBXTargetDependency */ = {
			isa = PBXTargetDependency;
			target = 219D1DD42CDAFD22008AAEA4 /* PracticeFeed */;
			targetProxy = 219D1DE12CDAFD23008AAEA4 /* PBXContainerItemProxy */;
		};
/* End PBXTargetDependency section */

/* Begin XCBuildConfiguration section */
		2136438B2CE6A47E00FCF14E /* Debug */ = {
			isa = XCBuildConfiguration;
			buildSettings = {
				"CODE_SIGN_IDENTITY[sdk=macosx*]" = "-";
				CODE_SIGN_STYLE = Automatic;
				CURRENT_PROJECT_VERSION = 1;
				DEVELOPMENT_TEAM = ZWS839S5XM;
				GENERATE_INFOPLIST_FILE = YES;
				MARKETING_VERSION = 1.0;
				PRODUCT_BUNDLE_IDENTIFIER = com.swiftorial.PracticeFeedAPIEndToEndTests;
				PRODUCT_NAME = "$(TARGET_NAME)";
				SWIFT_EMIT_LOC_STRINGS = NO;
				SWIFT_VERSION = 5.0;
			};
			name = Debug;
		};
		2136438C2CE6A47E00FCF14E /* Release */ = {
			isa = XCBuildConfiguration;
			buildSettings = {
				"CODE_SIGN_IDENTITY[sdk=macosx*]" = "-";
				CODE_SIGN_STYLE = Automatic;
				CURRENT_PROJECT_VERSION = 1;
				DEVELOPMENT_TEAM = ZWS839S5XM;
				GENERATE_INFOPLIST_FILE = YES;
				MARKETING_VERSION = 1.0;
				PRODUCT_BUNDLE_IDENTIFIER = com.swiftorial.PracticeFeedAPIEndToEndTests;
				PRODUCT_NAME = "$(TARGET_NAME)";
				SWIFT_EMIT_LOC_STRINGS = NO;
				SWIFT_VERSION = 5.0;
			};
			name = Release;
		};
		219D1DE72CDAFD23008AAEA4 /* Debug */ = {
			isa = XCBuildConfiguration;
			buildSettings = {
				ALWAYS_SEARCH_USER_PATHS = NO;
				ASSETCATALOG_COMPILER_GENERATE_SWIFT_ASSET_SYMBOL_EXTENSIONS = YES;
				CLANG_ANALYZER_NONNULL = YES;
				CLANG_ANALYZER_NUMBER_OBJECT_CONVERSION = YES_AGGRESSIVE;
				CLANG_CXX_LANGUAGE_STANDARD = "gnu++20";
				CLANG_ENABLE_MODULES = YES;
				CLANG_ENABLE_OBJC_ARC = YES;
				CLANG_ENABLE_OBJC_WEAK = YES;
				CLANG_WARN_BLOCK_CAPTURE_AUTORELEASING = YES;
				CLANG_WARN_BOOL_CONVERSION = YES;
				CLANG_WARN_COMMA = YES;
				CLANG_WARN_CONSTANT_CONVERSION = YES;
				CLANG_WARN_DEPRECATED_OBJC_IMPLEMENTATIONS = YES;
				CLANG_WARN_DIRECT_OBJC_ISA_USAGE = YES_ERROR;
				CLANG_WARN_DOCUMENTATION_COMMENTS = YES;
				CLANG_WARN_EMPTY_BODY = YES;
				CLANG_WARN_ENUM_CONVERSION = YES;
				CLANG_WARN_INFINITE_RECURSION = YES;
				CLANG_WARN_INT_CONVERSION = YES;
				CLANG_WARN_NON_LITERAL_NULL_CONVERSION = YES;
				CLANG_WARN_OBJC_IMPLICIT_RETAIN_SELF = YES;
				CLANG_WARN_OBJC_LITERAL_CONVERSION = YES;
				CLANG_WARN_OBJC_ROOT_CLASS = YES_ERROR;
				CLANG_WARN_QUOTED_INCLUDE_IN_FRAMEWORK_HEADER = YES;
				CLANG_WARN_RANGE_LOOP_ANALYSIS = YES;
				CLANG_WARN_STRICT_PROTOTYPES = YES;
				CLANG_WARN_SUSPICIOUS_MOVE = YES;
				CLANG_WARN_UNGUARDED_AVAILABILITY = YES_AGGRESSIVE;
				CLANG_WARN_UNREACHABLE_CODE = YES;
				CLANG_WARN__DUPLICATE_METHOD_MATCH = YES;
				COPY_PHASE_STRIP = NO;
				CURRENT_PROJECT_VERSION = 1;
				DEBUG_INFORMATION_FORMAT = dwarf;
				ENABLE_STRICT_OBJC_MSGSEND = YES;
				ENABLE_TESTABILITY = YES;
				ENABLE_USER_SCRIPT_SANDBOXING = YES;
				GCC_C_LANGUAGE_STANDARD = gnu17;
				GCC_DYNAMIC_NO_PIC = NO;
				GCC_NO_COMMON_BLOCKS = YES;
				GCC_OPTIMIZATION_LEVEL = 0;
				GCC_PREPROCESSOR_DEFINITIONS = (
					"DEBUG=1",
					"$(inherited)",
				);
				GCC_WARN_64_TO_32_BIT_CONVERSION = YES;
				GCC_WARN_ABOUT_RETURN_TYPE = YES_ERROR;
				GCC_WARN_UNDECLARED_SELECTOR = YES;
				GCC_WARN_UNINITIALIZED_AUTOS = YES_AGGRESSIVE;
				GCC_WARN_UNUSED_FUNCTION = YES;
				GCC_WARN_UNUSED_VARIABLE = YES;
				LOCALIZATION_PREFERS_STRING_CATALOGS = YES;
				MACOSX_DEPLOYMENT_TARGET = 14.2;
				MTL_ENABLE_DEBUG_INFO = INCLUDE_SOURCE;
				MTL_FAST_MATH = YES;
				ONLY_ACTIVE_ARCH = YES;
				SDKROOT = macosx;
				SWIFT_ACTIVE_COMPILATION_CONDITIONS = "DEBUG $(inherited)";
				SWIFT_OPTIMIZATION_LEVEL = "-Onone";
				VERSIONING_SYSTEM = "apple-generic";
				VERSION_INFO_PREFIX = "";
			};
			name = Debug;
		};
		219D1DE82CDAFD23008AAEA4 /* Release */ = {
			isa = XCBuildConfiguration;
			buildSettings = {
				ALWAYS_SEARCH_USER_PATHS = NO;
				ASSETCATALOG_COMPILER_GENERATE_SWIFT_ASSET_SYMBOL_EXTENSIONS = YES;
				CLANG_ANALYZER_NONNULL = YES;
				CLANG_ANALYZER_NUMBER_OBJECT_CONVERSION = YES_AGGRESSIVE;
				CLANG_CXX_LANGUAGE_STANDARD = "gnu++20";
				CLANG_ENABLE_MODULES = YES;
				CLANG_ENABLE_OBJC_ARC = YES;
				CLANG_ENABLE_OBJC_WEAK = YES;
				CLANG_WARN_BLOCK_CAPTURE_AUTORELEASING = YES;
				CLANG_WARN_BOOL_CONVERSION = YES;
				CLANG_WARN_COMMA = YES;
				CLANG_WARN_CONSTANT_CONVERSION = YES;
				CLANG_WARN_DEPRECATED_OBJC_IMPLEMENTATIONS = YES;
				CLANG_WARN_DIRECT_OBJC_ISA_USAGE = YES_ERROR;
				CLANG_WARN_DOCUMENTATION_COMMENTS = YES;
				CLANG_WARN_EMPTY_BODY = YES;
				CLANG_WARN_ENUM_CONVERSION = YES;
				CLANG_WARN_INFINITE_RECURSION = YES;
				CLANG_WARN_INT_CONVERSION = YES;
				CLANG_WARN_NON_LITERAL_NULL_CONVERSION = YES;
				CLANG_WARN_OBJC_IMPLICIT_RETAIN_SELF = YES;
				CLANG_WARN_OBJC_LITERAL_CONVERSION = YES;
				CLANG_WARN_OBJC_ROOT_CLASS = YES_ERROR;
				CLANG_WARN_QUOTED_INCLUDE_IN_FRAMEWORK_HEADER = YES;
				CLANG_WARN_RANGE_LOOP_ANALYSIS = YES;
				CLANG_WARN_STRICT_PROTOTYPES = YES;
				CLANG_WARN_SUSPICIOUS_MOVE = YES;
				CLANG_WARN_UNGUARDED_AVAILABILITY = YES_AGGRESSIVE;
				CLANG_WARN_UNREACHABLE_CODE = YES;
				CLANG_WARN__DUPLICATE_METHOD_MATCH = YES;
				COPY_PHASE_STRIP = NO;
				CURRENT_PROJECT_VERSION = 1;
				DEBUG_INFORMATION_FORMAT = "dwarf-with-dsym";
				ENABLE_NS_ASSERTIONS = NO;
				ENABLE_STRICT_OBJC_MSGSEND = YES;
				ENABLE_USER_SCRIPT_SANDBOXING = YES;
				GCC_C_LANGUAGE_STANDARD = gnu17;
				GCC_NO_COMMON_BLOCKS = YES;
				GCC_WARN_64_TO_32_BIT_CONVERSION = YES;
				GCC_WARN_ABOUT_RETURN_TYPE = YES_ERROR;
				GCC_WARN_UNDECLARED_SELECTOR = YES;
				GCC_WARN_UNINITIALIZED_AUTOS = YES_AGGRESSIVE;
				GCC_WARN_UNUSED_FUNCTION = YES;
				GCC_WARN_UNUSED_VARIABLE = YES;
				LOCALIZATION_PREFERS_STRING_CATALOGS = YES;
				MACOSX_DEPLOYMENT_TARGET = 14.2;
				MTL_ENABLE_DEBUG_INFO = NO;
				MTL_FAST_MATH = YES;
				SDKROOT = macosx;
				SWIFT_COMPILATION_MODE = wholemodule;
				VERSIONING_SYSTEM = "apple-generic";
				VERSION_INFO_PREFIX = "";
			};
			name = Release;
		};
		219D1DEA2CDAFD23008AAEA4 /* Debug */ = {
			isa = XCBuildConfiguration;
			buildSettings = {
				"CODE_SIGN_IDENTITY[sdk=macosx*]" = "-";
				CODE_SIGN_STYLE = Automatic;
				COMBINE_HIDPI_IMAGES = YES;
				CURRENT_PROJECT_VERSION = 1;
				DEFINES_MODULE = YES;
				DEVELOPMENT_TEAM = ZWS839S5XM;
				DYLIB_COMPATIBILITY_VERSION = 1;
				DYLIB_CURRENT_VERSION = 1;
				DYLIB_INSTALL_NAME_BASE = "@rpath";
				ENABLE_MODULE_VERIFIER = YES;
				GENERATE_INFOPLIST_FILE = YES;
				INFOPLIST_KEY_NSHumanReadableCopyright = "";
				INSTALL_PATH = "$(LOCAL_LIBRARY_DIR)/Frameworks";
				LD_RUNPATH_SEARCH_PATHS = (
					"$(inherited)",
					"@executable_path/../Frameworks",
					"@loader_path/Frameworks",
				);
				MARKETING_VERSION = 1.0;
				MODULE_VERIFIER_SUPPORTED_LANGUAGES = "objective-c objective-c++";
				MODULE_VERIFIER_SUPPORTED_LANGUAGE_STANDARDS = "gnu17 gnu++20";
				PRODUCT_BUNDLE_IDENTIFIER = com.swiftorial.PracticeFeed;
				PRODUCT_NAME = "$(TARGET_NAME:c99extidentifier)";
				SKIP_INSTALL = YES;
				SWIFT_EMIT_LOC_STRINGS = YES;
				SWIFT_VERSION = 5.0;
			};
			name = Debug;
		};
		219D1DEB2CDAFD23008AAEA4 /* Release */ = {
			isa = XCBuildConfiguration;
			buildSettings = {
				"CODE_SIGN_IDENTITY[sdk=macosx*]" = "-";
				CODE_SIGN_STYLE = Automatic;
				COMBINE_HIDPI_IMAGES = YES;
				CURRENT_PROJECT_VERSION = 1;
				DEFINES_MODULE = YES;
				DEVELOPMENT_TEAM = ZWS839S5XM;
				DYLIB_COMPATIBILITY_VERSION = 1;
				DYLIB_CURRENT_VERSION = 1;
				DYLIB_INSTALL_NAME_BASE = "@rpath";
				ENABLE_MODULE_VERIFIER = YES;
				GENERATE_INFOPLIST_FILE = YES;
				INFOPLIST_KEY_NSHumanReadableCopyright = "";
				INSTALL_PATH = "$(LOCAL_LIBRARY_DIR)/Frameworks";
				LD_RUNPATH_SEARCH_PATHS = (
					"$(inherited)",
					"@executable_path/../Frameworks",
					"@loader_path/Frameworks",
				);
				MARKETING_VERSION = 1.0;
				MODULE_VERIFIER_SUPPORTED_LANGUAGES = "objective-c objective-c++";
				MODULE_VERIFIER_SUPPORTED_LANGUAGE_STANDARDS = "gnu17 gnu++20";
				PRODUCT_BUNDLE_IDENTIFIER = com.swiftorial.PracticeFeed;
				PRODUCT_NAME = "$(TARGET_NAME:c99extidentifier)";
				SKIP_INSTALL = YES;
				SWIFT_EMIT_LOC_STRINGS = YES;
				SWIFT_VERSION = 5.0;
			};
			name = Release;
		};
		219D1DED2CDAFD23008AAEA4 /* Debug */ = {
			isa = XCBuildConfiguration;
			buildSettings = {
				ALWAYS_EMBED_SWIFT_STANDARD_LIBRARIES = YES;
				"CODE_SIGN_IDENTITY[sdk=macosx*]" = "-";
				CODE_SIGN_STYLE = Automatic;
				CURRENT_PROJECT_VERSION = 1;
				DEVELOPMENT_TEAM = ZWS839S5XM;
				GENERATE_INFOPLIST_FILE = YES;
				MARKETING_VERSION = 1.0;
				PRODUCT_BUNDLE_IDENTIFIER = com.swiftorial.PracticeFeedTests;
				PRODUCT_NAME = "$(TARGET_NAME)";
				SWIFT_EMIT_LOC_STRINGS = NO;
				SWIFT_VERSION = 5.0;
			};
			name = Debug;
		};
		219D1DEE2CDAFD23008AAEA4 /* Release */ = {
			isa = XCBuildConfiguration;
			buildSettings = {
				ALWAYS_EMBED_SWIFT_STANDARD_LIBRARIES = YES;
				"CODE_SIGN_IDENTITY[sdk=macosx*]" = "-";
				CODE_SIGN_STYLE = Automatic;
				CURRENT_PROJECT_VERSION = 1;
				DEVELOPMENT_TEAM = ZWS839S5XM;
				GENERATE_INFOPLIST_FILE = YES;
				MARKETING_VERSION = 1.0;
				PRODUCT_BUNDLE_IDENTIFIER = com.swiftorial.PracticeFeedTests;
				PRODUCT_NAME = "$(TARGET_NAME)";
				SWIFT_EMIT_LOC_STRINGS = NO;
				SWIFT_VERSION = 5.0;
			};
			name = Release;
		};
/* End XCBuildConfiguration section */

/* Begin XCConfigurationList section */
		2136438A2CE6A47E00FCF14E /* Build configuration list for PBXNativeTarget "PracticeFeedAPIEndToEndTests" */ = {
			isa = XCConfigurationList;
			buildConfigurations = (
				2136438B2CE6A47E00FCF14E /* Debug */,
				2136438C2CE6A47E00FCF14E /* Release */,
			);
			defaultConfigurationIsVisible = 0;
			defaultConfigurationName = Release;
		};
		219D1DCF2CDAFD22008AAEA4 /* Build configuration list for PBXProject "PracticeFeed" */ = {
			isa = XCConfigurationList;
			buildConfigurations = (
				219D1DE72CDAFD23008AAEA4 /* Debug */,
				219D1DE82CDAFD23008AAEA4 /* Release */,
			);
			defaultConfigurationIsVisible = 0;
			defaultConfigurationName = Release;
		};
		219D1DE92CDAFD23008AAEA4 /* Build configuration list for PBXNativeTarget "PracticeFeed" */ = {
			isa = XCConfigurationList;
			buildConfigurations = (
				219D1DEA2CDAFD23008AAEA4 /* Debug */,
				219D1DEB2CDAFD23008AAEA4 /* Release */,
			);
			defaultConfigurationIsVisible = 0;
			defaultConfigurationName = Release;
		};
		219D1DEC2CDAFD23008AAEA4 /* Build configuration list for PBXNativeTarget "PracticeFeedTests" */ = {
			isa = XCConfigurationList;
			buildConfigurations = (
				219D1DED2CDAFD23008AAEA4 /* Debug */,
				219D1DEE2CDAFD23008AAEA4 /* Release */,
			);
			defaultConfigurationIsVisible = 0;
			defaultConfigurationName = Release;
		};
/* End XCConfigurationList section */
	};
	rootObject = 219D1DCC2CDAFD22008AAEA4 /* Project object */;
}
